<?xml version="1.0" encoding="utf-8"?>
<Project ToolsVersion="4.0" xmlns="http://schemas.microsoft.com/developer/msbuild/2003">
  <ItemGroup>
    <Filter Include="GameOMat">
      <UniqueIdentifier>{70F75832-5CC4-B33D-85DD-A1E57109E9CB}</UniqueIdentifier>
    </Filter>
  </ItemGroup>
  <ItemGroup>
    <ClInclude Include="src\GameOMat.h" />
    <ClInclude Include="src\GameOMat\Application.h">
      <Filter>GameOMat</Filter>
    </ClInclude>
    <ClInclude Include="src\GameOMat\Core.h">
      <Filter>GameOMat</Filter>
    </ClInclude>
    <ClInclude Include="src\GameOMat\EntryPoint.h">
      <Filter>GameOMat</Filter>
    </ClInclude>
    <ClInclude Include="src\GameOMat\Log.h">
      <Filter>GameOMat</Filter>
    </ClInclude>
  </ItemGroup>
  <ItemGroup>
    <ClCompile Include="src\GameOMat\Application.cpp">
      <Filter>GameOMat</Filter>
    </ClCompile>
    <ClCompile Include="src\GameOMat\Log.cpp">
      <Filter>GameOMat</Filter>
    </ClCompile>
  </ItemGroup>
</Project>